
Microsoft Visual Studio Solution File, Format Version 12.00
# Visual Studio Version 17
VisualStudioVersion = 17.9.34723.18
MinimumVisualStudioVersion = 10.0.40219.1
Project("{FAE04EC0-301F-11D3-BF4B-00C04F79EFBC}") = "Group6_Assignment", "Group6_Assignment.csproj", "{6B56C398-5D65-4359-845C-754BA6FDD348}"
EndProject
Global
	GlobalSection(SolutionConfigurationPlatforms) = preSolution
		Debug|Any CPU = Debug|Any CPU
		Release|Any CPU = Release|Any CPU
	EndGlobalSection
	GlobalSection(ProjectConfigurationPlatforms) = postSolution
		{6B56C398-5D65-4359-845C-754BA6FDD348}.Debug|Any CPU.ActiveCfg = Debug|Any CPU
		{6B56C398-5D65-4359-845C-754BA6FDD348}.Debug|Any CPU.Build.0 = Debug|Any CPU
		{6B56C398-5D65-4359-845C-754BA6FDD348}.Release|Any CPU.ActiveCfg = Release|Any CPU
		{6B56C398-5D65-4359-845C-754BA6FDD348}.Release|Any CPU.Build.0 = Release|Any CPU
	EndGlobalSection
	GlobalSection(SolutionProperties) = preSolution
		HideSolutionNode = FALSE
	EndGlobalSection
	GlobalSection(ExtensibilityGlobals) = postSolution
		SolutionGuid = {B0131A38-22FF-4F75-BCC1-5A68F7C5BEEF}
	EndGlobalSection
EndGlobal
